[[package]]
id = 1
name = "Django"
version = "3.2.5"
source = "pypi+https://pypi.org/pypi/Django/3.2.5/json"
dependencies = ["sqlparse 0.4.1 pypi+https://pypi.org/pypi/sqlparse/0.4.1/json", "asgiref 3.4.1 pypi+https://pypi.org/pypi/asgiref/3.4.1/json", "pytz 2016.2 pypi+https://pypi.org/pypi/pytz/2016.2/json"]

[[package]]
id = 8
name = "django-cors-headers"
version = "3.7.0"
source = "pypi+https://pypi.org/pypi/django-cors-headers/3.7.0/json"
dependencies = ["Django 3.2.5 pypi+https://pypi.org/pypi/Django/3.2.5/json"]

[[package]]
id = 2
name = "sqlparse"
version = "0.4.1"
source = "pypi+https://pypi.org/pypi/sqlparse/0.4.1/json"
dependencies = []

[[package]]
id = 6
name = "djangorestframework"
version = "3.12.4"
source = "pypi+https://pypi.org/pypi/djangorestframework/3.12.4/json"
dependencies = ["django 3.2.5 pypi+https://pypi.org/pypi/django/3.2.5/json"]

[[package]]
id = 1
name = "Django"
version = "3.2.5"
source = "pypi+https://pypi.org/pypi/Django/3.2.5/json"
dependencies = ["sqlparse 0.4.1 pypi+https://pypi.org/pypi/sqlparse/0.4.1/json", "asgiref 3.4.1 pypi+https://pypi.org/pypi/asgiref/3.4.1/json", "pytz 2016.2 pypi+https://pypi.org/pypi/pytz/2016.2/json"]

[[package]]
id = 4
name = "asgiref"
version = "3.4.1"
source = "pypi+https://pypi.org/pypi/asgiref/3.4.1/json"
dependencies = []

[[package]]
id = 5
name = "django-rest-framework"
version = "0.1.0"
source = "pypi+https://pypi.org/pypi/django-rest-framework/0.1.0/json"
dependencies = ["djangorestframework 3.12.4 pypi+https://pypi.org/pypi/djangorestframework/3.12.4/json"]

[[package]]
id = 3
name = "pytz"
version = "2016.2"
source = "pypi+https://pypi.org/pypi/pytz/2016.2/json"
dependencies = []

[metadata]
