[[package]]
id = 16
name = "colorama"
version = "0.4.4"
source = "pypi+https://pypi.org/pypi/colorama/0.4.4/json"
dependencies = []

[[package]]
id = 3
name = "mypy-extensions"
version = "0.4.3"
source = "pypi+https://pypi.org/pypi/mypy-extensions/0.4.3/json"
dependencies = []

[[package]]
id = 12
name = "pytz"
version = "2018.3"
source = "pypi+https://pypi.org/pypi/pytz/2018.3/json"
dependencies = []

[[package]]
id = 2
name = "typed-ast"
version = "1.4.3"
source = "pypi+https://pypi.org/pypi/typed-ast/1.4.3/json"
dependencies = []

[[package]]
id = 4
name = "pathspec"
version = "0.9.0"
source = "pypi+https://pypi.org/pypi/pathspec/0.9.0/json"
dependencies = []

[[package]]
id = 7
name = "platformdirs"
version = "2.2.0"
source = "pypi+https://pypi.org/pypi/platformdirs/2.2.0/json"
dependencies = []

[[package]]
id = 14
name = "djangorestframework"
version = "3.12.2"
source = "pypi+https://pypi.org/pypi/djangorestframework/3.12.2/json"
dependencies = []

[[package]]
id = 11
name = "sqlparse"
version = "0.4.1"
source = "pypi+https://pypi.org/pypi/sqlparse/0.4.1/json"
dependencies = []

[[package]]
id = 8
name = "click"
version = "8.0.1"
source = "pypi+https://pypi.org/pypi/click/8.0.1/json"
dependencies = []

[[package]]
id = 13
name = "asgiref"
version = "3.4.1"
source = "pypi+https://pypi.org/pypi/asgiref/3.4.1/json"
dependencies = []

[[package]]
id = 1
name = "black"
version = "21.8b0"
source = "pypi+https://pypi.org/pypi/black/21.8b0/json"
dependencies = ["mypy-extensions 0.4.3 pypi+https://pypi.org/pypi/mypy-extensions/0.4.3/json", "pathspec 0.9.0 pypi+https://pypi.org/pypi/pathspec/0.9.0/json", "platformdirs 2.2.0 pypi+https://pypi.org/pypi/platformdirs/2.2.0/json", "tomli 1.2.1 pypi+https://pypi.org/pypi/tomli/1.2.1/json", "regex 2021.8.27 pypi+https://pypi.org/pypi/regex/2021.8.27/json", "click 8.0.1 pypi+https://pypi.org/pypi/click/8.0.1/json", "typed-ast 1.4.3 pypi+https://pypi.org/pypi/typed-ast/1.4.3/json"]

[[package]]
id = 9
name = "django-filter"
version = "2.4.0"
source = "pypi+https://pypi.org/pypi/django-filter/2.4.0/json"
dependencies = []

[[package]]
id = 18
name = "Django"
version = "3.2.6"
source = "pypi+https://pypi.org/pypi/Django/3.2.6/json"
dependencies = ["asgiref 3.4.1 pypi+https://pypi.org/pypi/asgiref/3.4.1/json", "sqlparse 0.4.1 pypi+https://pypi.org/pypi/sqlparse/0.4.1/json", "pytz 2018.3 pypi+https://pypi.org/pypi/pytz/2018.3/json"]

[[package]]
id = 5
name = "regex"
version = "2021.8.27"
source = "pypi+https://pypi.org/pypi/regex/2021.8.27/json"
dependencies = []

[[package]]
id = 17
name = "django-cors-headers"
version = "3.8.0"
source = "pypi+https://pypi.org/pypi/django-cors-headers/3.8.0/json"
dependencies = []

[[package]]
id = 6
name = "tomli"
version = "1.2.1"
source = "pypi+https://pypi.org/pypi/tomli/1.2.1/json"
dependencies = []

[metadata]
